<?xml version="1.0" encoding="utf-8"?>
<Project ToolsVersion="4.0" xmlns="http://schemas.microsoft.com/developer/msbuild/2003">
  <ItemGroup>
    <Filter Include="Source Files">
      <UniqueIdentifier>{4FC737F1-C7A5-4376-A066-2A32D752A2FF}</UniqueIdentifier>
      <Extensions>cpp;c;cc;cxx;c++;cppm;ixx;def;odl;idl;hpj;bat;asm;asmx</Extensions>
    </Filter>
    <Filter Include="Header Files">
      <UniqueIdentifier>{93995380-89BD-4b04-88EB-625FBE52EBFB}</UniqueIdentifier>
      <Extensions>h;hh;hpp;hxx;h++;hm;inl;inc;ipp;xsd</Extensions>
    </Filter>
    <Filter Include="Resource Files">
      <UniqueIdentifier>{67DA6AB6-F800-4c08-8B7A-83BB121AAD01}</UniqueIdentifier>
      <Extensions>rc;ico;cur;bmp;dlg;rc2;rct;bin;rgs;gif;jpg;jpeg;jpe;resx;tiff;tif;png;wav;mfcribbon-ms</Extensions>
    </Filter>
  </ItemGroup>
  <ItemGroup>
    <ClInclude Include="source\Component.h">
      <Filter>Source Files</Filter>
    </ClInclude>
    <ClInclude Include="source\ECS.h">
      <Filter>Source Files</Filter>
    </ClInclude>
    <ClInclude Include="source\FontRenderer.h">
      <Filter>Source Files</Filter>
    </ClInclude>
    <ClInclude Include="source\Functions.h">
      <Filter>Source Files</Filter>
    </ClInclude>
    <ClInclude Include="source\GameLoop.h">
      <Filter>Source Files</Filter>
    </ClInclude>
    <ClInclude Include="source\GameObject.h">
      <Filter>Source Files</Filter>
    </ClInclude>
    <ClInclude Include="source\Player.h">
      <Filter>Source Files</Filter>
    </ClInclude>
    <ClInclude Include="source\TileMap.h">
      <Filter>Source Files</Filter>
    </ClInclude>
    <ClInclude Include="source\BulletManager.h">
      <Filter>Source Files</Filter>
    </ClInclude>
    <ClInclude Include="source\EnemyManager.h">
      <Filter>Header Files</Filter>
    </ClInclude>
    <ClInclude Include="source\GameUI.h">
      <Filter>Header Files</Filter>
    </ClInclude>
    <ClInclude Include="source\Collectables.h">
      <Filter>Header Files</Filter>
    </ClInclude>
    <ClInclude Include="GameTileMap.h">
      <Filter>Header Files</Filter>
    </ClInclude>
    <ClInclude Include="source\SoundPlayer.h">
      <Filter>Header Files</Filter>
    </ClInclude>
    <ClInclude Include="source\GunFire.h">
      <Filter>Header Files</Filter>
    </ClInclude>
    <ClInclude Include="source\ParticleSystem.h">
      <Filter>Header Files</Filter>
    </ClInclude>
  </ItemGroup>
  <ItemGroup>
    <ClCompile Include="source\GameLoop.cpp">
      <Filter>Source Files</Filter>
    </ClCompile>
    <ClCompile Include="source\Player.cpp">
      <Filter>Source Files</Filter>
    </ClCompile>
    <ClCompile Include="source\FontRenderer.cpp">
      <Filter>Source Files</Filter>
    </ClCompile>
    <ClCompile Include="source\TileMap.cpp">
      <Filter>Source Files</Filter>
    </ClCompile>
    <ClCompile Include="source\Functions.cpp">
      <Filter>Source Files</Filter>
    </ClCompile>
    <ClCompile Include="source\GameObject.cpp">
      <Filter>Source Files</Filter>
    </ClCompile>
    <ClCompile Include="source\BulletManager.cpp">
      <Filter>Source Files</Filter>
    </ClCompile>
    <ClCompile Include="source\EnemyManager.cpp">
      <Filter>Source Files</Filter>
    </ClCompile>
    <ClCompile Include="source\Main.cpp">
      <Filter>Source Files</Filter>
    </ClCompile>
    <ClCompile Include="source\GameUI.cpp">
      <Filter>Source Files</Filter>
    </ClCompile>
    <ClCompile Include="source\Collectables.cpp">
      <Filter>Source Files</Filter>
    </ClCompile>
    <ClCompile Include="GameTileMap.cpp">
      <Filter>Source Files</Filter>
    </ClCompile>
    <ClCompile Include="source\SoundPlayer.cpp">
      <Filter>Source Files</Filter>
    </ClCompile>
    <ClCompile Include="source\GunFire.cpp">
      <Filter>Source Files</Filter>
    </ClCompile>
    <ClCompile Include="source\ParticleSystem.cpp">
      <Filter>Source Files</Filter>
    </ClCompile>
  </ItemGroup>
  <ItemGroup>
    <None Include="ClassDiagram.cd" />
    <None Include="ClassDiagram1.cd" />
  </ItemGroup>
</Project>